
Microsoft Visual Studio Solution File, Format Version 12.00
# Visual Studio 15
VisualStudioVersion = 15.0.27703.2047
MinimumVisualStudioVersion = 10.0.40219.1
Project("{FAE04EC0-301F-11D3-BF4B-00C04F79EFBC}") = "Clase_20", "Clase_20\Clase_20.csproj", "{7732C21B-32B6-49D2-B481-485F83185E9B}"
EndProject
Project("{FAE04EC0-301F-11D3-BF4B-00C04F79EFBC}") = "Clase_20.Consola", "Clase_20.Consola\Clase_20.Consola.csproj", "{07BD79B8-7F4C-4215-B02F-9D135FE82ABB}"
EndProject
Project("{FAE04EC0-301F-11D3-BF4B-00C04F79EFBC}") = "InterfazXML", "IXML\InterfazXML.csproj", "{B78E1DAE-14F0-48DC-96F5-36EA1DAF7927}"
EndProject
Project("{FAE04EC0-301F-11D3-BF4B-00C04F79EFBC}") = "Clase_20.Consola_02", "Clase_20.Consola_02\Clase_20.Consola_02.csproj", "{74E118CC-8E50-43DC-93CF-6AEE096AEA15}"
EndProject
Global
	GlobalSection(SolutionConfigurationPlatforms) = preSolution
		Debug|Any CPU = Debug|Any CPU
		Release|Any CPU = Release|Any CPU
	EndGlobalSection
	GlobalSection(ProjectConfigurationPlatforms) = postSolution
		{7732C21B-32B6-49D2-B481-485F83185E9B}.Debug|Any CPU.ActiveCfg = Debug|Any CPU
		{7732C21B-32B6-49D2-B481-485F83185E9B}.Debug|Any CPU.Build.0 = Debug|Any CPU
		{7732C21B-32B6-49D2-B481-485F83185E9B}.Release|Any CPU.ActiveCfg = Release|Any CPU
		{7732C21B-32B6-49D2-B481-485F83185E9B}.Release|Any CPU.Build.0 = Release|Any CPU
		{07BD79B8-7F4C-4215-B02F-9D135FE82ABB}.Debug|Any CPU.ActiveCfg = Debug|Any CPU
		{07BD79B8-7F4C-4215-B02F-9D135FE82ABB}.Debug|Any CPU.Build.0 = Debug|Any CPU
		{07BD79B8-7F4C-4215-B02F-9D135FE82ABB}.Release|Any CPU.ActiveCfg = Release|Any CPU
		{07BD79B8-7F4C-4215-B02F-9D135FE82ABB}.Release|Any CPU.Build.0 = Release|Any CPU
		{B78E1DAE-14F0-48DC-96F5-36EA1DAF7927}.Debug|Any CPU.ActiveCfg = Debug|Any CPU
		{B78E1DAE-14F0-48DC-96F5-36EA1DAF7927}.Debug|Any CPU.Build.0 = Debug|Any CPU
		{B78E1DAE-14F0-48DC-96F5-36EA1DAF7927}.Release|Any CPU.ActiveCfg = Release|Any CPU
		{B78E1DAE-14F0-48DC-96F5-36EA1DAF7927}.Release|Any CPU.Build.0 = Release|Any CPU
		{74E118CC-8E50-43DC-93CF-6AEE096AEA15}.Debug|Any CPU.ActiveCfg = Debug|Any CPU
		{74E118CC-8E50-43DC-93CF-6AEE096AEA15}.Debug|Any CPU.Build.0 = Debug|Any CPU
		{74E118CC-8E50-43DC-93CF-6AEE096AEA15}.Release|Any CPU.ActiveCfg = Release|Any CPU
		{74E118CC-8E50-43DC-93CF-6AEE096AEA15}.Release|Any CPU.Build.0 = Release|Any CPU
	EndGlobalSection
	GlobalSection(SolutionProperties) = preSolution
		HideSolutionNode = FALSE
	EndGlobalSection
	GlobalSection(ExtensibilityGlobals) = postSolution
		SolutionGuid = {DE0070EC-BF93-4BB9-A970-7C4F9C929A20}
	EndGlobalSection
EndGlobal
